
Microsoft Visual Studio Solution File, Format Version 12.00
Project("{FAE04EC0-301F-11D3-BF4B-00C04F79EFBC}") = "FileManagerUX", "FileManagerUX\FileManagerUX.csproj", "{D66AE43B-FD50-425B-9EF2-192426BE0CBB}"
EndProject
Project("{FAE04EC0-301F-11D3-BF4B-00C04F79EFBC}") = "FileManagerCore", "FileManagerCore\FileManagerCore.csproj", "{7E118645-F34B-4B31-A443-562047D98F16}"
EndProject
Project("{FAE04EC0-301F-11D3-BF4B-00C04F79EFBC}") = "Connector", "Connector\Connector.csproj", "{87A9FB42-ADB9-4C7A-AD6B-116B7F6B2455}"
EndProject
Project("{FAE04EC0-301F-11D3-BF4B-00C04F79EFBC}") = "Test", "Test\Test.csproj", "{83B0DE92-6816-4E53-BD08-63D68C7361F7}"
EndProject
Project("{FAE04EC0-301F-11D3-BF4B-00C04F79EFBC}") = "SimpleCLI", "SimpleCLI\SimpleCLI.csproj", "{6C441CE3-D11F-4951-8E70-1A00C37CA08B}"
EndProject
Global
	GlobalSection(SolutionConfigurationPlatforms) = preSolution
		Debug|Any CPU = Debug|Any CPU
		Release|Any CPU = Release|Any CPU
	EndGlobalSection
	GlobalSection(ProjectConfigurationPlatforms) = postSolution
		{D66AE43B-FD50-425B-9EF2-192426BE0CBB}.Debug|Any CPU.ActiveCfg = Debug|Any CPU
		{D66AE43B-FD50-425B-9EF2-192426BE0CBB}.Debug|Any CPU.Build.0 = Debug|Any CPU
		{D66AE43B-FD50-425B-9EF2-192426BE0CBB}.Release|Any CPU.ActiveCfg = Release|Any CPU
		{D66AE43B-FD50-425B-9EF2-192426BE0CBB}.Release|Any CPU.Build.0 = Release|Any CPU
		{7E118645-F34B-4B31-A443-562047D98F16}.Debug|Any CPU.ActiveCfg = Debug|Any CPU
		{7E118645-F34B-4B31-A443-562047D98F16}.Debug|Any CPU.Build.0 = Debug|Any CPU
		{7E118645-F34B-4B31-A443-562047D98F16}.Release|Any CPU.ActiveCfg = Release|Any CPU
		{7E118645-F34B-4B31-A443-562047D98F16}.Release|Any CPU.Build.0 = Release|Any CPU
		{87A9FB42-ADB9-4C7A-AD6B-116B7F6B2455}.Debug|Any CPU.ActiveCfg = Debug|Any CPU
		{87A9FB42-ADB9-4C7A-AD6B-116B7F6B2455}.Debug|Any CPU.Build.0 = Debug|Any CPU
		{87A9FB42-ADB9-4C7A-AD6B-116B7F6B2455}.Release|Any CPU.ActiveCfg = Release|Any CPU
		{87A9FB42-ADB9-4C7A-AD6B-116B7F6B2455}.Release|Any CPU.Build.0 = Release|Any CPU
		{83B0DE92-6816-4E53-BD08-63D68C7361F7}.Debug|Any CPU.ActiveCfg = Debug|Any CPU
		{83B0DE92-6816-4E53-BD08-63D68C7361F7}.Debug|Any CPU.Build.0 = Debug|Any CPU
		{83B0DE92-6816-4E53-BD08-63D68C7361F7}.Release|Any CPU.ActiveCfg = Release|Any CPU
		{83B0DE92-6816-4E53-BD08-63D68C7361F7}.Release|Any CPU.Build.0 = Release|Any CPU
		{6C441CE3-D11F-4951-8E70-1A00C37CA08B}.Debug|Any CPU.ActiveCfg = Debug|Any CPU
		{6C441CE3-D11F-4951-8E70-1A00C37CA08B}.Debug|Any CPU.Build.0 = Debug|Any CPU
		{6C441CE3-D11F-4951-8E70-1A00C37CA08B}.Release|Any CPU.ActiveCfg = Release|Any CPU
		{6C441CE3-D11F-4951-8E70-1A00C37CA08B}.Release|Any CPU.Build.0 = Release|Any CPU
	EndGlobalSection
EndGlobal
